
Microsoft Visual Studio Solution File, Format Version 12.00
# Visual Studio 2012
Project("{FAE04EC0-301F-11D3-BF4B-00C04F79EFBC}") = "Tesseract.Tests", "Tesseract.Tests\Tesseract.Tests.csproj", "{ABF7DBF7-2358-47C5-9E42-6F1C04E658A5}"
EndProject
Project("{FAE04EC0-301F-11D3-BF4B-00C04F79EFBC}") = "BaseApiTester", "BaseApiTester\BaseApiTester.csproj", "{07B09DF6-19B0-477A-A8CE-5D7146EEBDFD}"
EndProject
Project("{FAE04EC0-301F-11D3-BF4B-00C04F79EFBC}") = "Tesseract.Net45", "Tesseract.Net45\Tesseract.Net45.csproj", "{1868CAC0-D64C-4092-9108-59D562321056}"
EndProject
Project("{FAE04EC0-301F-11D3-BF4B-00C04F79EFBC}") = "Tesseract.Net20", "Tesseract.Net20\Tesseract.Net20.csproj", "{DA780CA0-2606-4259-91C4-3F38C5C90592}"
EndProject
Project("{FAE04EC0-301F-11D3-BF4B-00C04F79EFBC}") = "Tesseract.Net40", "Tesseract.Net40\Tesseract.Net40.csproj", "{E0784105-00D8-4692-BD2E-0645440D4D09}"
EndProject
Project("{FAE04EC0-301F-11D3-BF4B-00C04F79EFBC}") = "Tesseract.Tests.Console", "Tesseract.Tests.Console\Tesseract.Tests.Console.csproj", "{4D635942-9F51-45C6-BAB0-23AD2E42C99F}"
EndProject
Global
	GlobalSection(SolutionConfigurationPlatforms) = preSolution
		Debug|Any CPU = Debug|Any CPU
		Debug|x64 = Debug|x64
		Debug|x86 = Debug|x86
		Release|Any CPU = Release|Any CPU
		Release|x64 = Release|x64
		Release|x86 = Release|x86
	EndGlobalSection
	GlobalSection(ProjectConfigurationPlatforms) = postSolution
		{ABF7DBF7-2358-47C5-9E42-6F1C04E658A5}.Debug|Any CPU.ActiveCfg = Debug|Any CPU
		{ABF7DBF7-2358-47C5-9E42-6F1C04E658A5}.Debug|Any CPU.Build.0 = Debug|Any CPU
		{ABF7DBF7-2358-47C5-9E42-6F1C04E658A5}.Debug|x64.ActiveCfg = Debug|x64
		{ABF7DBF7-2358-47C5-9E42-6F1C04E658A5}.Debug|x64.Build.0 = Debug|x64
		{ABF7DBF7-2358-47C5-9E42-6F1C04E658A5}.Debug|x86.ActiveCfg = Debug|x86
		{ABF7DBF7-2358-47C5-9E42-6F1C04E658A5}.Debug|x86.Build.0 = Debug|x86
		{ABF7DBF7-2358-47C5-9E42-6F1C04E658A5}.Release|Any CPU.ActiveCfg = Release|Any CPU
		{ABF7DBF7-2358-47C5-9E42-6F1C04E658A5}.Release|Any CPU.Build.0 = Release|Any CPU
		{ABF7DBF7-2358-47C5-9E42-6F1C04E658A5}.Release|x64.ActiveCfg = Release|Any CPU
		{ABF7DBF7-2358-47C5-9E42-6F1C04E658A5}.Release|x64.Build.0 = Release|Any CPU
		{ABF7DBF7-2358-47C5-9E42-6F1C04E658A5}.Release|x86.ActiveCfg = Release|Any CPU
		{ABF7DBF7-2358-47C5-9E42-6F1C04E658A5}.Release|x86.Build.0 = Release|Any CPU
		{07B09DF6-19B0-477A-A8CE-5D7146EEBDFD}.Debug|Any CPU.ActiveCfg = Debug|Any CPU
		{07B09DF6-19B0-477A-A8CE-5D7146EEBDFD}.Debug|Any CPU.Build.0 = Debug|Any CPU
		{07B09DF6-19B0-477A-A8CE-5D7146EEBDFD}.Debug|x64.ActiveCfg = Debug|x64
		{07B09DF6-19B0-477A-A8CE-5D7146EEBDFD}.Debug|x64.Build.0 = Debug|x64
		{07B09DF6-19B0-477A-A8CE-5D7146EEBDFD}.Debug|x86.ActiveCfg = Debug|x86
		{07B09DF6-19B0-477A-A8CE-5D7146EEBDFD}.Debug|x86.Build.0 = Debug|x86
		{07B09DF6-19B0-477A-A8CE-5D7146EEBDFD}.Release|Any CPU.ActiveCfg = Release|Any CPU
		{07B09DF6-19B0-477A-A8CE-5D7146EEBDFD}.Release|Any CPU.Build.0 = Release|Any CPU
		{07B09DF6-19B0-477A-A8CE-5D7146EEBDFD}.Release|x64.ActiveCfg = Release|x64
		{07B09DF6-19B0-477A-A8CE-5D7146EEBDFD}.Release|x64.Build.0 = Release|x64
		{07B09DF6-19B0-477A-A8CE-5D7146EEBDFD}.Release|x86.ActiveCfg = Release|x86
		{07B09DF6-19B0-477A-A8CE-5D7146EEBDFD}.Release|x86.Build.0 = Release|x86
		{1868CAC0-D64C-4092-9108-59D562321056}.Debug|Any CPU.ActiveCfg = Debug|Any CPU
		{1868CAC0-D64C-4092-9108-59D562321056}.Debug|Any CPU.Build.0 = Debug|Any CPU
		{1868CAC0-D64C-4092-9108-59D562321056}.Debug|x64.ActiveCfg = Debug|Any CPU
		{1868CAC0-D64C-4092-9108-59D562321056}.Debug|x64.Build.0 = Debug|Any CPU
		{1868CAC0-D64C-4092-9108-59D562321056}.Debug|x86.ActiveCfg = Debug|Any CPU
		{1868CAC0-D64C-4092-9108-59D562321056}.Debug|x86.Build.0 = Debug|Any CPU
		{1868CAC0-D64C-4092-9108-59D562321056}.Release|Any CPU.ActiveCfg = Release|Any CPU
		{1868CAC0-D64C-4092-9108-59D562321056}.Release|Any CPU.Build.0 = Release|Any CPU
		{1868CAC0-D64C-4092-9108-59D562321056}.Release|x64.ActiveCfg = Release|Any CPU
		{1868CAC0-D64C-4092-9108-59D562321056}.Release|x64.Build.0 = Release|Any CPU
		{1868CAC0-D64C-4092-9108-59D562321056}.Release|x86.ActiveCfg = Release|Any CPU
		{1868CAC0-D64C-4092-9108-59D562321056}.Release|x86.Build.0 = Release|Any CPU
		{DA780CA0-2606-4259-91C4-3F38C5C90592}.Debug|Any CPU.ActiveCfg = Debug|Any CPU
		{DA780CA0-2606-4259-91C4-3F38C5C90592}.Debug|Any CPU.Build.0 = Debug|Any CPU
		{DA780CA0-2606-4259-91C4-3F38C5C90592}.Debug|x64.ActiveCfg = Debug|Any CPU
		{DA780CA0-2606-4259-91C4-3F38C5C90592}.Debug|x64.Build.0 = Debug|Any CPU
		{DA780CA0-2606-4259-91C4-3F38C5C90592}.Debug|x86.ActiveCfg = Debug|Any CPU
		{DA780CA0-2606-4259-91C4-3F38C5C90592}.Debug|x86.Build.0 = Debug|Any CPU
		{DA780CA0-2606-4259-91C4-3F38C5C90592}.Release|Any CPU.ActiveCfg = Release|Any CPU
		{DA780CA0-2606-4259-91C4-3F38C5C90592}.Release|Any CPU.Build.0 = Release|Any CPU
		{DA780CA0-2606-4259-91C4-3F38C5C90592}.Release|x64.ActiveCfg = Release|Any CPU
		{DA780CA0-2606-4259-91C4-3F38C5C90592}.Release|x64.Build.0 = Release|Any CPU
		{DA780CA0-2606-4259-91C4-3F38C5C90592}.Release|x86.ActiveCfg = Release|Any CPU
		{DA780CA0-2606-4259-91C4-3F38C5C90592}.Release|x86.Build.0 = Release|Any CPU
		{E0784105-00D8-4692-BD2E-0645440D4D09}.Debug|Any CPU.ActiveCfg = Debug|Any CPU
		{E0784105-00D8-4692-BD2E-0645440D4D09}.Debug|Any CPU.Build.0 = Debug|Any CPU
		{E0784105-00D8-4692-BD2E-0645440D4D09}.Debug|x64.ActiveCfg = Debug|Any CPU
		{E0784105-00D8-4692-BD2E-0645440D4D09}.Debug|x64.Build.0 = Debug|Any CPU
		{E0784105-00D8-4692-BD2E-0645440D4D09}.Debug|x86.ActiveCfg = Debug|Any CPU
		{E0784105-00D8-4692-BD2E-0645440D4D09}.Debug|x86.Build.0 = Debug|Any CPU
		{E0784105-00D8-4692-BD2E-0645440D4D09}.Release|Any CPU.ActiveCfg = Release|Any CPU
		{E0784105-00D8-4692-BD2E-0645440D4D09}.Release|Any CPU.Build.0 = Release|Any CPU
		{E0784105-00D8-4692-BD2E-0645440D4D09}.Release|x64.ActiveCfg = Release|Any CPU
		{E0784105-00D8-4692-BD2E-0645440D4D09}.Release|x64.Build.0 = Release|Any CPU
		{E0784105-00D8-4692-BD2E-0645440D4D09}.Release|x86.ActiveCfg = Release|Any CPU
		{E0784105-00D8-4692-BD2E-0645440D4D09}.Release|x86.Build.0 = Release|Any CPU
		{4D635942-9F51-45C6-BAB0-23AD2E42C99F}.Debug|Any CPU.ActiveCfg = Debug|Any CPU
		{4D635942-9F51-45C6-BAB0-23AD2E42C99F}.Debug|Any CPU.Build.0 = Debug|Any CPU
		{4D635942-9F51-45C6-BAB0-23AD2E42C99F}.Debug|x64.ActiveCfg = Debug|Any CPU
		{4D635942-9F51-45C6-BAB0-23AD2E42C99F}.Debug|x64.Build.0 = Debug|Any CPU
		{4D635942-9F51-45C6-BAB0-23AD2E42C99F}.Debug|x86.ActiveCfg = Debug|Any CPU
		{4D635942-9F51-45C6-BAB0-23AD2E42C99F}.Debug|x86.Build.0 = Debug|Any CPU
		{4D635942-9F51-45C6-BAB0-23AD2E42C99F}.Release|Any CPU.ActiveCfg = Release|Any CPU
		{4D635942-9F51-45C6-BAB0-23AD2E42C99F}.Release|Any CPU.Build.0 = Release|Any CPU
		{4D635942-9F51-45C6-BAB0-23AD2E42C99F}.Release|x64.ActiveCfg = Release|Any CPU
		{4D635942-9F51-45C6-BAB0-23AD2E42C99F}.Release|x64.Build.0 = Release|Any CPU
		{4D635942-9F51-45C6-BAB0-23AD2E42C99F}.Release|x86.ActiveCfg = Release|Any CPU
		{4D635942-9F51-45C6-BAB0-23AD2E42C99F}.Release|x86.Build.0 = Release|Any CPU
	EndGlobalSection
	GlobalSection(SolutionProperties) = preSolution
		HideSolutionNode = FALSE
	EndGlobalSection
EndGlobal
