Microsoft Visual Studio Solution File, Format Version 12.00
# Visual Studio 15
VisualStudioVersion = 15.0.27004.2005
MinimumVisualStudioVersion = 10.0.40219.1
Project("{9A19103F-16F7-4668-BE54-9A1E7A4F7556}") = "Tesseract", "Tesseract\Tesseract.csproj", "{AB8F7CF1-E75B-4BD3-8853-2348ECDEA969}"
EndProject
Project("{2150E333-8FDC-42A3-9474-1A3956D46DE8}") = "Solution Items", "Solution Items", "{15BA8F27-7868-4A18-BDC6-EBC93A76A18C}"
	ProjectSection(SolutionItems) = preProject
		..\ChangeLog.md = ..\ChangeLog.md
		..\ReadMe.md = ..\ReadMe.md
	EndProjectSection
EndProject
Project("{9A19103F-16F7-4668-BE54-9A1E7A4F7556}") = "Tesseract.Net45Tests", "Tesseract.Net45Tests\Tesseract.Net45Tests.csproj", "{0B087299-D0A5-47F1-B313-820481F29DA0}"
EndProject
Project("{9A19103F-16F7-4668-BE54-9A1E7A4F7556}") = "Tesseract.NetCore2Tests", "Tesseract.NetCore2Tests\Tesseract.NetCore2Tests.csproj", "{74F4ACED-886F-4B1B-B524-6DF28A274226}"
EndProject
Global
	GlobalSection(SolutionConfigurationPlatforms) = preSolution
		Debug|Any CPU = Debug|Any CPU
		Debug|x64 = Debug|x64
		Debug|x86 = Debug|x86
		Release|Any CPU = Release|Any CPU
		Release|x64 = Release|x64
		Release|x86 = Release|x86
	EndGlobalSection
	GlobalSection(ProjectConfigurationPlatforms) = postSolution
		{AB8F7CF1-E75B-4BD3-8853-2348ECDEA969}.Debug|Any CPU.ActiveCfg = Debug|Any CPU
		{AB8F7CF1-E75B-4BD3-8853-2348ECDEA969}.Debug|Any CPU.Build.0 = Debug|Any CPU
		{AB8F7CF1-E75B-4BD3-8853-2348ECDEA969}.Debug|x64.ActiveCfg = Debug|Any CPU
		{AB8F7CF1-E75B-4BD3-8853-2348ECDEA969}.Debug|x64.Build.0 = Debug|Any CPU
		{AB8F7CF1-E75B-4BD3-8853-2348ECDEA969}.Debug|x86.ActiveCfg = Debug|Any CPU
		{AB8F7CF1-E75B-4BD3-8853-2348ECDEA969}.Debug|x86.Build.0 = Debug|Any CPU
		{AB8F7CF1-E75B-4BD3-8853-2348ECDEA969}.Release|Any CPU.ActiveCfg = Release|Any CPU
		{AB8F7CF1-E75B-4BD3-8853-2348ECDEA969}.Release|Any CPU.Build.0 = Release|Any CPU
		{AB8F7CF1-E75B-4BD3-8853-2348ECDEA969}.Release|x64.ActiveCfg = Release|Any CPU
		{AB8F7CF1-E75B-4BD3-8853-2348ECDEA969}.Release|x64.Build.0 = Release|Any CPU
		{AB8F7CF1-E75B-4BD3-8853-2348ECDEA969}.Release|x86.ActiveCfg = Release|Any CPU
		{AB8F7CF1-E75B-4BD3-8853-2348ECDEA969}.Release|x86.Build.0 = Release|Any CPU
		{0B087299-D0A5-47F1-B313-820481F29DA0}.Debug|Any CPU.ActiveCfg = Debug|Any CPU
		{0B087299-D0A5-47F1-B313-820481F29DA0}.Debug|Any CPU.Build.0 = Debug|Any CPU
		{0B087299-D0A5-47F1-B313-820481F29DA0}.Debug|x64.ActiveCfg = Debug|Any CPU
		{0B087299-D0A5-47F1-B313-820481F29DA0}.Debug|x64.Build.0 = Debug|Any CPU
		{0B087299-D0A5-47F1-B313-820481F29DA0}.Debug|x86.ActiveCfg = Debug|Any CPU
		{0B087299-D0A5-47F1-B313-820481F29DA0}.Debug|x86.Build.0 = Debug|Any CPU
		{0B087299-D0A5-47F1-B313-820481F29DA0}.Release|Any CPU.ActiveCfg = Release|Any CPU
		{0B087299-D0A5-47F1-B313-820481F29DA0}.Release|Any CPU.Build.0 = Release|Any CPU
		{0B087299-D0A5-47F1-B313-820481F29DA0}.Release|x64.ActiveCfg = Release|Any CPU
		{0B087299-D0A5-47F1-B313-820481F29DA0}.Release|x64.Build.0 = Release|Any CPU
		{0B087299-D0A5-47F1-B313-820481F29DA0}.Release|x86.ActiveCfg = Release|Any CPU
		{0B087299-D0A5-47F1-B313-820481F29DA0}.Release|x86.Build.0 = Release|Any CPU
		{74F4ACED-886F-4B1B-B524-6DF28A274226}.Debug|Any CPU.ActiveCfg = Debug|Any CPU
		{74F4ACED-886F-4B1B-B524-6DF28A274226}.Debug|Any CPU.Build.0 = Debug|Any CPU
		{74F4ACED-886F-4B1B-B524-6DF28A274226}.Debug|x64.ActiveCfg = Debug|Any CPU
		{74F4ACED-886F-4B1B-B524-6DF28A274226}.Debug|x64.Build.0 = Debug|Any CPU
		{74F4ACED-886F-4B1B-B524-6DF28A274226}.Debug|x86.ActiveCfg = Debug|Any CPU
		{74F4ACED-886F-4B1B-B524-6DF28A274226}.Debug|x86.Build.0 = Debug|Any CPU
		{74F4ACED-886F-4B1B-B524-6DF28A274226}.Release|Any CPU.ActiveCfg = Release|Any CPU
		{74F4ACED-886F-4B1B-B524-6DF28A274226}.Release|Any CPU.Build.0 = Release|Any CPU
		{74F4ACED-886F-4B1B-B524-6DF28A274226}.Release|x64.ActiveCfg = Release|Any CPU
		{74F4ACED-886F-4B1B-B524-6DF28A274226}.Release|x64.Build.0 = Release|Any CPU
		{74F4ACED-886F-4B1B-B524-6DF28A274226}.Release|x86.ActiveCfg = Release|Any CPU
		{74F4ACED-886F-4B1B-B524-6DF28A274226}.Release|x86.Build.0 = Release|Any CPU
	EndGlobalSection
	GlobalSection(SolutionProperties) = preSolution
		HideSolutionNode = FALSE
	EndGlobalSection
	GlobalSection(ExtensibilityGlobals) = postSolution
		SolutionGuid = {8BDBCC8B-C0BA-463D-8269-69044499F505}
	EndGlobalSection
EndGlobal
