Microsoft Visual Studio Solution File, Format Version 12.00
# Visual Studio Version 17
VisualStudioVersion = 17.3.32929.385
MinimumVisualStudioVersion = 10.0.40219.1
Project("{9A19103F-16F7-4668-BE54-9A1E7A4F7556}") = "Tesseract", "Tesseract\Tesseract.csproj", "{AB8F7CF1-E75B-4BD3-8853-2348ECDEA969}"
EndProject
Project("{2150E333-8FDC-42A3-9474-1A3956D46DE8}") = "Solution Items", "Solution Items", "{15BA8F27-7868-4A18-BDC6-EBC93A76A18C}"
	ProjectSection(SolutionItems) = preProject
		..\ChangeLog.md = ..\ChangeLog.md
		..\ReadMe.md = ..\ReadMe.md
	EndProjectSection
EndProject
Project("{9A19103F-16F7-4668-BE54-9A1E7A4F7556}") = "Tesseract.Drawing", "Tesseract.Drawing\Tesseract.Drawing.csproj", "{76C430BF-86EA-4EE0-8B33-BB4AB5AEABD5}"
EndProject
Project("{9A19103F-16F7-4668-BE54-9A1E7A4F7556}") = "Tesseract.Net48Tests", "Tesseract.Net48Tests\Tesseract.Net48Tests.csproj", "{C676C3D3-C1A1-4361-8DD3-A3718D1A1D62}"
EndProject
Project("{9A19103F-16F7-4668-BE54-9A1E7A4F7556}") = "Tesseract.NetCore31Tests", "Tesseract.NetCore31Tests\Tesseract.NetCore31Tests.csproj", "{9367CCC0-77A5-4F7E-A266-22848B81C896}"
EndProject
Global
	GlobalSection(SolutionConfigurationPlatforms) = preSolution
		Debug|Any CPU = Debug|Any CPU
		Debug|x64 = Debug|x64
		Debug|x86 = Debug|x86
		Release|Any CPU = Release|Any CPU
		Release|x64 = Release|x64
		Release|x86 = Release|x86
	EndGlobalSection
	GlobalSection(ProjectConfigurationPlatforms) = postSolution
		{AB8F7CF1-E75B-4BD3-8853-2348ECDEA969}.Debug|Any CPU.ActiveCfg = Debug|Any CPU
		{AB8F7CF1-E75B-4BD3-8853-2348ECDEA969}.Debug|Any CPU.Build.0 = Debug|Any CPU
		{AB8F7CF1-E75B-4BD3-8853-2348ECDEA969}.Debug|x64.ActiveCfg = Debug|Any CPU
		{AB8F7CF1-E75B-4BD3-8853-2348ECDEA969}.Debug|x64.Build.0 = Debug|Any CPU
		{AB8F7CF1-E75B-4BD3-8853-2348ECDEA969}.Debug|x86.ActiveCfg = Debug|Any CPU
		{AB8F7CF1-E75B-4BD3-8853-2348ECDEA969}.Debug|x86.Build.0 = Debug|Any CPU
		{AB8F7CF1-E75B-4BD3-8853-2348ECDEA969}.Release|Any CPU.ActiveCfg = Release|Any CPU
		{AB8F7CF1-E75B-4BD3-8853-2348ECDEA969}.Release|Any CPU.Build.0 = Release|Any CPU
		{AB8F7CF1-E75B-4BD3-8853-2348ECDEA969}.Release|x64.ActiveCfg = Release|Any CPU
		{AB8F7CF1-E75B-4BD3-8853-2348ECDEA969}.Release|x64.Build.0 = Release|Any CPU
		{AB8F7CF1-E75B-4BD3-8853-2348ECDEA969}.Release|x86.ActiveCfg = Release|Any CPU
		{AB8F7CF1-E75B-4BD3-8853-2348ECDEA969}.Release|x86.Build.0 = Release|Any CPU
		{76C430BF-86EA-4EE0-8B33-BB4AB5AEABD5}.Debug|Any CPU.ActiveCfg = Debug|Any CPU
		{76C430BF-86EA-4EE0-8B33-BB4AB5AEABD5}.Debug|Any CPU.Build.0 = Debug|Any CPU
		{76C430BF-86EA-4EE0-8B33-BB4AB5AEABD5}.Debug|x64.ActiveCfg = Debug|Any CPU
		{76C430BF-86EA-4EE0-8B33-BB4AB5AEABD5}.Debug|x64.Build.0 = Debug|Any CPU
		{76C430BF-86EA-4EE0-8B33-BB4AB5AEABD5}.Debug|x86.ActiveCfg = Debug|Any CPU
		{76C430BF-86EA-4EE0-8B33-BB4AB5AEABD5}.Debug|x86.Build.0 = Debug|Any CPU
		{76C430BF-86EA-4EE0-8B33-BB4AB5AEABD5}.Release|Any CPU.ActiveCfg = Release|Any CPU
		{76C430BF-86EA-4EE0-8B33-BB4AB5AEABD5}.Release|Any CPU.Build.0 = Release|Any CPU
		{76C430BF-86EA-4EE0-8B33-BB4AB5AEABD5}.Release|x64.ActiveCfg = Release|Any CPU
		{76C430BF-86EA-4EE0-8B33-BB4AB5AEABD5}.Release|x64.Build.0 = Release|Any CPU
		{76C430BF-86EA-4EE0-8B33-BB4AB5AEABD5}.Release|x86.ActiveCfg = Release|Any CPU
		{76C430BF-86EA-4EE0-8B33-BB4AB5AEABD5}.Release|x86.Build.0 = Release|Any CPU
		{C676C3D3-C1A1-4361-8DD3-A3718D1A1D62}.Debug|Any CPU.ActiveCfg = Debug|Any CPU
		{C676C3D3-C1A1-4361-8DD3-A3718D1A1D62}.Debug|Any CPU.Build.0 = Debug|Any CPU
		{C676C3D3-C1A1-4361-8DD3-A3718D1A1D62}.Debug|x64.ActiveCfg = Debug|Any CPU
		{C676C3D3-C1A1-4361-8DD3-A3718D1A1D62}.Debug|x64.Build.0 = Debug|Any CPU
		{C676C3D3-C1A1-4361-8DD3-A3718D1A1D62}.Debug|x86.ActiveCfg = Debug|Any CPU
		{C676C3D3-C1A1-4361-8DD3-A3718D1A1D62}.Debug|x86.Build.0 = Debug|Any CPU
		{C676C3D3-C1A1-4361-8DD3-A3718D1A1D62}.Release|Any CPU.ActiveCfg = Release|Any CPU
		{C676C3D3-C1A1-4361-8DD3-A3718D1A1D62}.Release|Any CPU.Build.0 = Release|Any CPU
		{C676C3D3-C1A1-4361-8DD3-A3718D1A1D62}.Release|x64.ActiveCfg = Release|Any CPU
		{C676C3D3-C1A1-4361-8DD3-A3718D1A1D62}.Release|x64.Build.0 = Release|Any CPU
		{C676C3D3-C1A1-4361-8DD3-A3718D1A1D62}.Release|x86.ActiveCfg = Release|Any CPU
		{C676C3D3-C1A1-4361-8DD3-A3718D1A1D62}.Release|x86.Build.0 = Release|Any CPU
		{9367CCC0-77A5-4F7E-A266-22848B81C896}.Debug|Any CPU.ActiveCfg = Debug|Any CPU
		{9367CCC0-77A5-4F7E-A266-22848B81C896}.Debug|Any CPU.Build.0 = Debug|Any CPU
		{9367CCC0-77A5-4F7E-A266-22848B81C896}.Debug|x64.ActiveCfg = Debug|Any CPU
		{9367CCC0-77A5-4F7E-A266-22848B81C896}.Debug|x64.Build.0 = Debug|Any CPU
		{9367CCC0-77A5-4F7E-A266-22848B81C896}.Debug|x86.ActiveCfg = Debug|Any CPU
		{9367CCC0-77A5-4F7E-A266-22848B81C896}.Debug|x86.Build.0 = Debug|Any CPU
		{9367CCC0-77A5-4F7E-A266-22848B81C896}.Release|Any CPU.ActiveCfg = Release|Any CPU
		{9367CCC0-77A5-4F7E-A266-22848B81C896}.Release|Any CPU.Build.0 = Release|Any CPU
		{9367CCC0-77A5-4F7E-A266-22848B81C896}.Release|x64.ActiveCfg = Release|Any CPU
		{9367CCC0-77A5-4F7E-A266-22848B81C896}.Release|x64.Build.0 = Release|Any CPU
		{9367CCC0-77A5-4F7E-A266-22848B81C896}.Release|x86.ActiveCfg = Release|Any CPU
		{9367CCC0-77A5-4F7E-A266-22848B81C896}.Release|x86.Build.0 = Release|Any CPU
	EndGlobalSection
	GlobalSection(SolutionProperties) = preSolution
		HideSolutionNode = FALSE
	EndGlobalSection
	GlobalSection(ExtensibilityGlobals) = postSolution
		SolutionGuid = {8BDBCC8B-C0BA-463D-8269-69044499F505}
	EndGlobalSection
EndGlobal
