
Microsoft Visual Studio Solution File, Format Version 12.00
# Visual Studio 2012
# SharpDevelop 5.0
VisualStudioVersion = 12.0.21005.1
MinimumVisualStudioVersion = 10.0.40219.1
Project("{2150E333-8FDC-42A3-9474-1A3956D46DE8}") = "Solution Items", "Solution Items", "{90E7305F-2B8F-4E99-9667-56945609ABBE}"
	ProjectSection(SolutionItems) = preProject
		Common.targets = Common.targets
		Common.net45.targets = Common.net45.targets
		..\build.proj = ..\build.proj
		Common.net45.targets = Common.net45.targets
		Common.targets = Common.targets
		..\ReadMe.md = ..\ReadMe.md
		..\ChangeLog.md = ..\ChangeLog.md
	EndProjectSection
EndProject
Project("{2150E333-8FDC-42A3-9474-1A3956D46DE8}") = "NuGet", "NuGet", "{8599BCF5-EB0D-4308-9D0D-369928B56A87}"
	ProjectSection(SolutionItems) = preProject
		Tesseract.nuspec = Tesseract.nuspec
		install.ps1 = install.ps1
		Tesseract.nuspec = Tesseract.nuspec
	EndProjectSection
EndProject
Project("{2150E333-8FDC-42A3-9474-1A3956D46DE8}") = "Source", "Source", "{D8814461-FB10-489F-83CE-8968987784F5}"
EndProject
Project("{FAE04EC0-301F-11D3-BF4B-00C04F79EFBC}") = "Tesseract", "Tesseract\Tesseract.csproj", "{DA780CA0-2606-4259-91C4-3F38C5C90592}"
EndProject
Project("{FAE04EC0-301F-11D3-BF4B-00C04F79EFBC}") = "Tesseract.Tests", "Tesseract.Tests\Tesseract.Tests.csproj", "{ABF7DBF7-2358-47C5-9E42-6F1C04E658A5}"
EndProject
Project("{FAE04EC0-301F-11D3-BF4B-00C04F79EFBC}") = "Tesseract.Tests.Console", "Tesseract.Tests.Console\Tesseract.Tests.Console.csproj", "{4D635942-9F51-45C6-BAB0-23AD2E42C99F}"
EndProject
Global
	GlobalSection(SolutionConfigurationPlatforms) = preSolution
		Debug20|Any CPU = Debug20|Any CPU
		Debug20|x86 = Debug20|x86
		Debug35|Any CPU = Debug35|Any CPU
		Debug35|x86 = Debug35|x86
		Debug40|Any CPU = Debug40|Any CPU
		Debug40|x86 = Debug40|x86
		Debug40Client|Any CPU = Debug40Client|Any CPU
		Debug40Client|x86 = Debug40Client|x86
		Debug45|Any CPU = Debug45|Any CPU
		Debug45|x86 = Debug45|x86
		Debug451|Any CPU = Debug451|Any CPU
		Debug451|x86 = Debug451|x86
		Release20|Any CPU = Release20|Any CPU
		Release20|x86 = Release20|x86
		Release35|Any CPU = Release35|Any CPU
		Release35|x86 = Release35|x86
		Release40|Any CPU = Release40|Any CPU
		Release40|x86 = Release40|x86
		Release40Client|Any CPU = Release40Client|Any CPU
		Release40Client|x86 = Release40Client|x86
		Release45|Any CPU = Release45|Any CPU
		Release45|x86 = Release45|x86
		Release451|Any CPU = Release451|Any CPU
		Release451|x86 = Release451|x86
	EndGlobalSection
	GlobalSection(ProjectConfigurationPlatforms) = postSolution
		{DA780CA0-2606-4259-91C4-3F38C5C90592}.Debug20|Any CPU.ActiveCfg = Debug20|Any CPU
		{DA780CA0-2606-4259-91C4-3F38C5C90592}.Debug20|Any CPU.Build.0 = Debug20|Any CPU
		{DA780CA0-2606-4259-91C4-3F38C5C90592}.Debug20|x86.ActiveCfg = Debug20|Any CPU
		{DA780CA0-2606-4259-91C4-3F38C5C90592}.Debug20|x86.Build.0 = Debug20|Any CPU
		{DA780CA0-2606-4259-91C4-3F38C5C90592}.Debug35|Any CPU.ActiveCfg = Debug35|Any CPU
		{DA780CA0-2606-4259-91C4-3F38C5C90592}.Debug35|Any CPU.Build.0 = Debug35|Any CPU
		{DA780CA0-2606-4259-91C4-3F38C5C90592}.Debug35|x86.ActiveCfg = Debug35|Any CPU
		{DA780CA0-2606-4259-91C4-3F38C5C90592}.Debug35|x86.Build.0 = Debug35|Any CPU
		{DA780CA0-2606-4259-91C4-3F38C5C90592}.Debug40|Any CPU.ActiveCfg = Debug40|Any CPU
		{DA780CA0-2606-4259-91C4-3F38C5C90592}.Debug40|Any CPU.Build.0 = Debug40|Any CPU
		{DA780CA0-2606-4259-91C4-3F38C5C90592}.Debug40|x86.ActiveCfg = Debug40|Any CPU
		{DA780CA0-2606-4259-91C4-3F38C5C90592}.Debug40|x86.Build.0 = Debug40|Any CPU
		{DA780CA0-2606-4259-91C4-3F38C5C90592}.Debug40Client|Any CPU.ActiveCfg = Debug40Client|Any CPU
		{DA780CA0-2606-4259-91C4-3F38C5C90592}.Debug40Client|Any CPU.Build.0 = Debug40Client|Any CPU
		{DA780CA0-2606-4259-91C4-3F38C5C90592}.Debug40Client|x86.ActiveCfg = Debug40Client|Any CPU
		{DA780CA0-2606-4259-91C4-3F38C5C90592}.Debug40Client|x86.Build.0 = Debug40Client|Any CPU
		{DA780CA0-2606-4259-91C4-3F38C5C90592}.Debug45|Any CPU.ActiveCfg = Debug45|Any CPU
		{DA780CA0-2606-4259-91C4-3F38C5C90592}.Debug45|Any CPU.Build.0 = Debug45|Any CPU
		{DA780CA0-2606-4259-91C4-3F38C5C90592}.Debug45|x86.ActiveCfg = Debug45|Any CPU
		{DA780CA0-2606-4259-91C4-3F38C5C90592}.Debug45|x86.Build.0 = Debug45|Any CPU
		{DA780CA0-2606-4259-91C4-3F38C5C90592}.Debug451|Any CPU.ActiveCfg = Debug451|Any CPU
		{DA780CA0-2606-4259-91C4-3F38C5C90592}.Debug451|Any CPU.Build.0 = Debug451|Any CPU
		{DA780CA0-2606-4259-91C4-3F38C5C90592}.Debug451|x86.ActiveCfg = Debug451|Any CPU
		{DA780CA0-2606-4259-91C4-3F38C5C90592}.Debug451|x86.Build.0 = Debug451|Any CPU
		{DA780CA0-2606-4259-91C4-3F38C5C90592}.Release20|Any CPU.ActiveCfg = Release20|Any CPU
		{DA780CA0-2606-4259-91C4-3F38C5C90592}.Release20|Any CPU.Build.0 = Release20|Any CPU
		{DA780CA0-2606-4259-91C4-3F38C5C90592}.Release20|x86.ActiveCfg = Release20|Any CPU
		{DA780CA0-2606-4259-91C4-3F38C5C90592}.Release20|x86.Build.0 = Release20|Any CPU
		{DA780CA0-2606-4259-91C4-3F38C5C90592}.Release35|Any CPU.ActiveCfg = Release35|Any CPU
		{DA780CA0-2606-4259-91C4-3F38C5C90592}.Release35|Any CPU.Build.0 = Release35|Any CPU
		{DA780CA0-2606-4259-91C4-3F38C5C90592}.Release35|x86.ActiveCfg = Release35|Any CPU
		{DA780CA0-2606-4259-91C4-3F38C5C90592}.Release35|x86.Build.0 = Release35|Any CPU
		{DA780CA0-2606-4259-91C4-3F38C5C90592}.Release40|Any CPU.ActiveCfg = Release40|Any CPU
		{DA780CA0-2606-4259-91C4-3F38C5C90592}.Release40|Any CPU.Build.0 = Release40|Any CPU
		{DA780CA0-2606-4259-91C4-3F38C5C90592}.Release40|x86.ActiveCfg = Release40|Any CPU
		{DA780CA0-2606-4259-91C4-3F38C5C90592}.Release40|x86.Build.0 = Release40|Any CPU
		{DA780CA0-2606-4259-91C4-3F38C5C90592}.Release40Client|Any CPU.ActiveCfg = Release40Client|Any CPU
		{DA780CA0-2606-4259-91C4-3F38C5C90592}.Release40Client|Any CPU.Build.0 = Release40Client|Any CPU
		{DA780CA0-2606-4259-91C4-3F38C5C90592}.Release40Client|x86.ActiveCfg = Release40Client|Any CPU
		{DA780CA0-2606-4259-91C4-3F38C5C90592}.Release40Client|x86.Build.0 = Release40Client|Any CPU
		{DA780CA0-2606-4259-91C4-3F38C5C90592}.Release45|Any CPU.ActiveCfg = Release45|Any CPU
		{DA780CA0-2606-4259-91C4-3F38C5C90592}.Release45|Any CPU.Build.0 = Release45|Any CPU
		{DA780CA0-2606-4259-91C4-3F38C5C90592}.Release45|x86.ActiveCfg = Release45|Any CPU
		{DA780CA0-2606-4259-91C4-3F38C5C90592}.Release45|x86.Build.0 = Release45|Any CPU
		{DA780CA0-2606-4259-91C4-3F38C5C90592}.Release451|Any CPU.ActiveCfg = Release451|Any CPU
		{DA780CA0-2606-4259-91C4-3F38C5C90592}.Release451|Any CPU.Build.0 = Release451|Any CPU
		{DA780CA0-2606-4259-91C4-3F38C5C90592}.Release451|x86.ActiveCfg = Release451|Any CPU
		{DA780CA0-2606-4259-91C4-3F38C5C90592}.Release451|x86.Build.0 = Release451|Any CPU
		{ABF7DBF7-2358-47C5-9E42-6F1C04E658A5}.Debug20|Any CPU.ActiveCfg = Debug20|Any CPU
		{ABF7DBF7-2358-47C5-9E42-6F1C04E658A5}.Debug20|Any CPU.Build.0 = Debug20|Any CPU
		{ABF7DBF7-2358-47C5-9E42-6F1C04E658A5}.Debug20|x86.ActiveCfg = Debug20|Any CPU
		{ABF7DBF7-2358-47C5-9E42-6F1C04E658A5}.Debug20|x86.Build.0 = Debug20|Any CPU
		{ABF7DBF7-2358-47C5-9E42-6F1C04E658A5}.Debug35|Any CPU.ActiveCfg = Debug35|Any CPU
		{ABF7DBF7-2358-47C5-9E42-6F1C04E658A5}.Debug35|Any CPU.Build.0 = Debug35|Any CPU
		{ABF7DBF7-2358-47C5-9E42-6F1C04E658A5}.Debug35|x86.ActiveCfg = Debug35|Any CPU
		{ABF7DBF7-2358-47C5-9E42-6F1C04E658A5}.Debug35|x86.Build.0 = Debug35|Any CPU
		{ABF7DBF7-2358-47C5-9E42-6F1C04E658A5}.Debug40|Any CPU.ActiveCfg = Debug40|Any CPU
		{ABF7DBF7-2358-47C5-9E42-6F1C04E658A5}.Debug40|Any CPU.Build.0 = Debug40|Any CPU
		{ABF7DBF7-2358-47C5-9E42-6F1C04E658A5}.Debug40|x86.ActiveCfg = Debug40|Any CPU
		{ABF7DBF7-2358-47C5-9E42-6F1C04E658A5}.Debug40|x86.Build.0 = Debug40|Any CPU
		{ABF7DBF7-2358-47C5-9E42-6F1C04E658A5}.Debug40Client|Any CPU.ActiveCfg = Debug40Client|Any CPU
		{ABF7DBF7-2358-47C5-9E42-6F1C04E658A5}.Debug40Client|Any CPU.Build.0 = Debug40Client|Any CPU
		{ABF7DBF7-2358-47C5-9E42-6F1C04E658A5}.Debug40Client|x86.ActiveCfg = Debug40Client|Any CPU
		{ABF7DBF7-2358-47C5-9E42-6F1C04E658A5}.Debug40Client|x86.Build.0 = Debug40Client|Any CPU
		{ABF7DBF7-2358-47C5-9E42-6F1C04E658A5}.Debug45|Any CPU.ActiveCfg = Debug45|Any CPU
		{ABF7DBF7-2358-47C5-9E42-6F1C04E658A5}.Debug45|Any CPU.Build.0 = Debug45|Any CPU
		{ABF7DBF7-2358-47C5-9E42-6F1C04E658A5}.Debug45|x86.ActiveCfg = Debug45|Any CPU
		{ABF7DBF7-2358-47C5-9E42-6F1C04E658A5}.Debug45|x86.Build.0 = Debug45|Any CPU
		{ABF7DBF7-2358-47C5-9E42-6F1C04E658A5}.Debug451|Any CPU.ActiveCfg = Debug451|Any CPU
		{ABF7DBF7-2358-47C5-9E42-6F1C04E658A5}.Debug451|Any CPU.Build.0 = Debug451|Any CPU
		{ABF7DBF7-2358-47C5-9E42-6F1C04E658A5}.Debug451|x86.ActiveCfg = Debug451|Any CPU
		{ABF7DBF7-2358-47C5-9E42-6F1C04E658A5}.Debug451|x86.Build.0 = Debug451|Any CPU
		{ABF7DBF7-2358-47C5-9E42-6F1C04E658A5}.Release20|Any CPU.ActiveCfg = Release20|Any CPU
		{ABF7DBF7-2358-47C5-9E42-6F1C04E658A5}.Release20|Any CPU.Build.0 = Release20|Any CPU
		{ABF7DBF7-2358-47C5-9E42-6F1C04E658A5}.Release20|x86.ActiveCfg = Release20|Any CPU
		{ABF7DBF7-2358-47C5-9E42-6F1C04E658A5}.Release20|x86.Build.0 = Release20|Any CPU
		{ABF7DBF7-2358-47C5-9E42-6F1C04E658A5}.Release35|Any CPU.ActiveCfg = Release35|Any CPU
		{ABF7DBF7-2358-47C5-9E42-6F1C04E658A5}.Release35|Any CPU.Build.0 = Release35|Any CPU
		{ABF7DBF7-2358-47C5-9E42-6F1C04E658A5}.Release35|x86.ActiveCfg = Release35|Any CPU
		{ABF7DBF7-2358-47C5-9E42-6F1C04E658A5}.Release35|x86.Build.0 = Release35|Any CPU
		{ABF7DBF7-2358-47C5-9E42-6F1C04E658A5}.Release40|Any CPU.ActiveCfg = Release40|Any CPU
		{ABF7DBF7-2358-47C5-9E42-6F1C04E658A5}.Release40|Any CPU.Build.0 = Release40|Any CPU
		{ABF7DBF7-2358-47C5-9E42-6F1C04E658A5}.Release40|x86.ActiveCfg = Release40|Any CPU
		{ABF7DBF7-2358-47C5-9E42-6F1C04E658A5}.Release40|x86.Build.0 = Release40|Any CPU
		{ABF7DBF7-2358-47C5-9E42-6F1C04E658A5}.Release40Client|Any CPU.ActiveCfg = Release40Client|Any CPU
		{ABF7DBF7-2358-47C5-9E42-6F1C04E658A5}.Release40Client|Any CPU.Build.0 = Release40Client|Any CPU
		{ABF7DBF7-2358-47C5-9E42-6F1C04E658A5}.Release40Client|x86.ActiveCfg = Release40Client|Any CPU
		{ABF7DBF7-2358-47C5-9E42-6F1C04E658A5}.Release40Client|x86.Build.0 = Release40Client|Any CPU
		{ABF7DBF7-2358-47C5-9E42-6F1C04E658A5}.Release45|Any CPU.ActiveCfg = Release45|Any CPU
		{ABF7DBF7-2358-47C5-9E42-6F1C04E658A5}.Release45|Any CPU.Build.0 = Release45|Any CPU
		{ABF7DBF7-2358-47C5-9E42-6F1C04E658A5}.Release45|x86.ActiveCfg = Release45|Any CPU
		{ABF7DBF7-2358-47C5-9E42-6F1C04E658A5}.Release45|x86.Build.0 = Release45|Any CPU
		{ABF7DBF7-2358-47C5-9E42-6F1C04E658A5}.Release451|Any CPU.ActiveCfg = Release451|Any CPU
		{ABF7DBF7-2358-47C5-9E42-6F1C04E658A5}.Release451|Any CPU.Build.0 = Release451|Any CPU
		{ABF7DBF7-2358-47C5-9E42-6F1C04E658A5}.Release451|x86.ActiveCfg = Release451|Any CPU
		{ABF7DBF7-2358-47C5-9E42-6F1C04E658A5}.Release451|x86.Build.0 = Release451|Any CPU
		{4D635942-9F51-45C6-BAB0-23AD2E42C99F}.Debug20|Any CPU.ActiveCfg = Debug20|Any CPU
		{4D635942-9F51-45C6-BAB0-23AD2E42C99F}.Debug20|Any CPU.Build.0 = Debug20|Any CPU
		{4D635942-9F51-45C6-BAB0-23AD2E42C99F}.Debug20|x86.ActiveCfg = Debug20|x86
		{4D635942-9F51-45C6-BAB0-23AD2E42C99F}.Debug20|x86.Build.0 = Debug20|x86
		{4D635942-9F51-45C6-BAB0-23AD2E42C99F}.Debug35|Any CPU.ActiveCfg = Debug35|Any CPU
		{4D635942-9F51-45C6-BAB0-23AD2E42C99F}.Debug35|Any CPU.Build.0 = Debug35|Any CPU
		{4D635942-9F51-45C6-BAB0-23AD2E42C99F}.Debug35|x86.ActiveCfg = Debug35|x86
		{4D635942-9F51-45C6-BAB0-23AD2E42C99F}.Debug35|x86.Build.0 = Debug35|x86
		{4D635942-9F51-45C6-BAB0-23AD2E42C99F}.Debug40|Any CPU.ActiveCfg = Debug40|Any CPU
		{4D635942-9F51-45C6-BAB0-23AD2E42C99F}.Debug40|Any CPU.Build.0 = Debug40|Any CPU
		{4D635942-9F51-45C6-BAB0-23AD2E42C99F}.Debug40|x86.ActiveCfg = Debug40|x86
		{4D635942-9F51-45C6-BAB0-23AD2E42C99F}.Debug40|x86.Build.0 = Debug40|x86
		{4D635942-9F51-45C6-BAB0-23AD2E42C99F}.Debug40Client|Any CPU.ActiveCfg = Debug40Client|Any CPU
		{4D635942-9F51-45C6-BAB0-23AD2E42C99F}.Debug40Client|Any CPU.Build.0 = Debug40Client|Any CPU
		{4D635942-9F51-45C6-BAB0-23AD2E42C99F}.Debug40Client|x86.ActiveCfg = Debug40Client|x86
		{4D635942-9F51-45C6-BAB0-23AD2E42C99F}.Debug40Client|x86.Build.0 = Debug40Client|x86
		{4D635942-9F51-45C6-BAB0-23AD2E42C99F}.Debug45|Any CPU.ActiveCfg = Debug45|Any CPU
		{4D635942-9F51-45C6-BAB0-23AD2E42C99F}.Debug45|Any CPU.Build.0 = Debug45|Any CPU
		{4D635942-9F51-45C6-BAB0-23AD2E42C99F}.Debug45|x86.ActiveCfg = Debug45|x86
		{4D635942-9F51-45C6-BAB0-23AD2E42C99F}.Debug45|x86.Build.0 = Debug45|x86
		{4D635942-9F51-45C6-BAB0-23AD2E42C99F}.Debug451|Any CPU.ActiveCfg = Debug451|Any CPU
		{4D635942-9F51-45C6-BAB0-23AD2E42C99F}.Debug451|Any CPU.Build.0 = Debug451|Any CPU
		{4D635942-9F51-45C6-BAB0-23AD2E42C99F}.Debug451|x86.ActiveCfg = Debug451|x86
		{4D635942-9F51-45C6-BAB0-23AD2E42C99F}.Debug451|x86.Build.0 = Debug451|x86
		{4D635942-9F51-45C6-BAB0-23AD2E42C99F}.Release20|Any CPU.ActiveCfg = Release20|Any CPU
		{4D635942-9F51-45C6-BAB0-23AD2E42C99F}.Release20|Any CPU.Build.0 = Release20|Any CPU
		{4D635942-9F51-45C6-BAB0-23AD2E42C99F}.Release20|x86.ActiveCfg = Release20|x86
		{4D635942-9F51-45C6-BAB0-23AD2E42C99F}.Release20|x86.Build.0 = Release20|x86
		{4D635942-9F51-45C6-BAB0-23AD2E42C99F}.Release35|Any CPU.ActiveCfg = Release35|Any CPU
		{4D635942-9F51-45C6-BAB0-23AD2E42C99F}.Release35|Any CPU.Build.0 = Release35|Any CPU
		{4D635942-9F51-45C6-BAB0-23AD2E42C99F}.Release35|x86.ActiveCfg = Release35|x86
		{4D635942-9F51-45C6-BAB0-23AD2E42C99F}.Release35|x86.Build.0 = Release35|x86
		{4D635942-9F51-45C6-BAB0-23AD2E42C99F}.Release40|Any CPU.ActiveCfg = Release40|Any CPU
		{4D635942-9F51-45C6-BAB0-23AD2E42C99F}.Release40|Any CPU.Build.0 = Release40|Any CPU
		{4D635942-9F51-45C6-BAB0-23AD2E42C99F}.Release40|x86.ActiveCfg = Release40|x86
		{4D635942-9F51-45C6-BAB0-23AD2E42C99F}.Release40|x86.Build.0 = Release40|x86
		{4D635942-9F51-45C6-BAB0-23AD2E42C99F}.Release40Client|Any CPU.ActiveCfg = Release40Client|Any CPU
		{4D635942-9F51-45C6-BAB0-23AD2E42C99F}.Release40Client|Any CPU.Build.0 = Release40Client|Any CPU
		{4D635942-9F51-45C6-BAB0-23AD2E42C99F}.Release40Client|x86.ActiveCfg = Release40Client|x86
		{4D635942-9F51-45C6-BAB0-23AD2E42C99F}.Release40Client|x86.Build.0 = Release40Client|x86
		{4D635942-9F51-45C6-BAB0-23AD2E42C99F}.Release45|Any CPU.ActiveCfg = Release45|Any CPU
		{4D635942-9F51-45C6-BAB0-23AD2E42C99F}.Release45|Any CPU.Build.0 = Release45|Any CPU
		{4D635942-9F51-45C6-BAB0-23AD2E42C99F}.Release45|x86.ActiveCfg = Release45|x86
		{4D635942-9F51-45C6-BAB0-23AD2E42C99F}.Release45|x86.Build.0 = Release45|x86
		{4D635942-9F51-45C6-BAB0-23AD2E42C99F}.Release451|Any CPU.ActiveCfg = Release451|Any CPU
		{4D635942-9F51-45C6-BAB0-23AD2E42C99F}.Release451|Any CPU.Build.0 = Release451|Any CPU
		{4D635942-9F51-45C6-BAB0-23AD2E42C99F}.Release451|x86.ActiveCfg = Release451|x86
		{4D635942-9F51-45C6-BAB0-23AD2E42C99F}.Release451|x86.Build.0 = Release451|x86
	EndGlobalSection
	GlobalSection(SolutionProperties) = preSolution
		HideSolutionNode = FALSE
	EndGlobalSection
	GlobalSection(NestedProjects) = preSolution
		{DA780CA0-2606-4259-91C4-3F38C5C90592} = {D8814461-FB10-489F-83CE-8968987784F5}
		{ABF7DBF7-2358-47C5-9E42-6F1C04E658A5} = {D8814461-FB10-489F-83CE-8968987784F5}
		{4D635942-9F51-45C6-BAB0-23AD2E42C99F} = {D8814461-FB10-489F-83CE-8968987784F5}
	EndGlobalSection
EndGlobal
